{
  "name": "watchr",
  "version": "1.0.0",
  "lockfileVersion": 1,
  "requires": true,
  "dependencies": {
    "css-element-queries": {
      "version": "0.4.0",
      "resolved": "https://registry.npmjs.org/css-element-queries/-/css-element-queries-0.4.0.tgz",
      "integrity": "sha1-y1vN6dmArDaZ50cfeY5wYACI094=",
      "dev": true
    },
    "jquery": {
      "version": "2.2.4",
      "resolved": "https://registry.npmjs.org/jquery/-/jquery-2.2.4.tgz",
      "integrity": "sha1-LInWiJterFIqfuoywUUhVZxsvwI=",
      "dev": true
    },
    "signalr": {
      "version": "2.2.2",
      "resolved": "https://registry.npmjs.org/signalr/-/signalr-2.2.2.tgz",
      "integrity": "sha1-ugeRXrXgjPvId2UEfsaXJpTQCOI=",
      "dev": true,
      "requires": {
        "jquery": "2.2.4"
      }
    },
    "xterm": {
      "version": "2.7.0",
      "resolved": "https://registry.npmjs.org/xterm/-/xterm-2.7.0.tgz",
      "integrity": "sha1-BeQtJw/15nzKlRFrYshMDPxDW6o=",
      "dev": true
    }
  }
}
