{
  "name": "watchr",
  "version": "1.0.0",
  "lockfileVersion": 1,
  "requires": true,
  "dependencies": {
    "css-element-queries": {
      "version": "0.4.0",
      "resolved": "https://registry.npmjs.org/css-element-queries/-/css-element-queries-0.4.0.tgz",
      "integrity": "sha1-y1vN6dmArDaZ50cfeY5wYACI094=",
      "dev": true
    },
    "jasmine-jquery": {
      "version": "2.1.1",
      "resolved": "https://registry.npmjs.org/jasmine-jquery/-/jasmine-jquery-2.1.1.tgz",
      "integrity": "sha1-1AleZGlEomdjI1dpqwGNnzDw1Hs=",
      "dev": true
    },
    "jquery": {
      "version": "3.3.1",
      "resolved": "https://registry.npmjs.org/jquery/-/jquery-3.3.1.tgz",
      "integrity": "sha512-Ubldcmxp5np52/ENotGxlLe6aGMvmF4R8S6tZjsP6Knsaxd/xp3Zrh50cG93lR6nPXyUFwzN3ZSOQI0wRJNdGg==",
      "dev": true
    },
    "signalr": {
      "version": "2.2.3",
      "resolved": "https://registry.npmjs.org/signalr/-/signalr-2.2.3.tgz",
      "integrity": "sha1-1WTynpCg51TnzXPS38CsTKVPgmU=",
      "dev": true,
      "requires": {
        "jquery": ">=1.6.4"
      }
    },
    "xterm": {
      "version": "3.3.0",
      "resolved": "https://registry.npmjs.org/xterm/-/xterm-3.3.0.tgz",
      "integrity": "sha512-EwsCrCHNEZrg0BQ0pe8zHEkzhsWQrkTH0AMGVyT8x9slW0HfnIUi4oVaM8UXReQTPaIMkNcYH8OfUVK6SjQHUw==",
      "dev": true
    }
  }
}
